
Microsoft Visual Studio Solution File, Format Version 12.00
# Visual Studio 15
VisualStudioVersion = 15.0.27703.2000
MinimumVisualStudioVersion = 10.0.40219.1
Project("{9A19103F-16F7-4668-BE54-9A1E7A4F7556}") = "RepositoryCore", "RepositoryCore\RepositoryCore.csproj", "{00E7DC7F-A11C-4964-B07D-1A10BD4A8B19}"
EndProject
Project("{FAE04EC0-301F-11D3-BF4B-00C04F79EFBC}") = "RepositoryCore.Interface", "RepositoryCore.Interface\RepositoryCore.Interface.csproj", "{4D883707-CCFA-410C-9286-6783ABF4019A}"
EndProject
Project("{FAE04EC0-301F-11D3-BF4B-00C04F79EFBC}") = "RepositoryCore.Repository", "RepositoryCore.Repository\RepositoryCore.Repository.csproj", "{04DA1F63-6E64-4E04-A927-92ECCD6AE725}"
EndProject
Global
	GlobalSection(SolutionConfigurationPlatforms) = preSolution
		Debug|Any CPU = Debug|Any CPU
		Release|Any CPU = Release|Any CPU
	EndGlobalSection
	GlobalSection(ProjectConfigurationPlatforms) = postSolution
		{00E7DC7F-A11C-4964-B07D-1A10BD4A8B19}.Debug|Any CPU.ActiveCfg = Debug|Any CPU
		{00E7DC7F-A11C-4964-B07D-1A10BD4A8B19}.Debug|Any CPU.Build.0 = Debug|Any CPU
		{00E7DC7F-A11C-4964-B07D-1A10BD4A8B19}.Release|Any CPU.ActiveCfg = Release|Any CPU
		{00E7DC7F-A11C-4964-B07D-1A10BD4A8B19}.Release|Any CPU.Build.0 = Release|Any CPU
		{4D883707-CCFA-410C-9286-6783ABF4019A}.Debug|Any CPU.ActiveCfg = Debug|Any CPU
		{4D883707-CCFA-410C-9286-6783ABF4019A}.Debug|Any CPU.Build.0 = Debug|Any CPU
		{4D883707-CCFA-410C-9286-6783ABF4019A}.Release|Any CPU.ActiveCfg = Release|Any CPU
		{4D883707-CCFA-410C-9286-6783ABF4019A}.Release|Any CPU.Build.0 = Release|Any CPU
		{04DA1F63-6E64-4E04-A927-92ECCD6AE725}.Debug|Any CPU.ActiveCfg = Debug|Any CPU
		{04DA1F63-6E64-4E04-A927-92ECCD6AE725}.Debug|Any CPU.Build.0 = Debug|Any CPU
		{04DA1F63-6E64-4E04-A927-92ECCD6AE725}.Release|Any CPU.ActiveCfg = Release|Any CPU
		{04DA1F63-6E64-4E04-A927-92ECCD6AE725}.Release|Any CPU.Build.0 = Release|Any CPU
	EndGlobalSection
	GlobalSection(SolutionProperties) = preSolution
		HideSolutionNode = FALSE
	EndGlobalSection
	GlobalSection(ExtensibilityGlobals) = postSolution
		SolutionGuid = {96E7A697-9362-4872-B6C7-0065703E6CBD}
	EndGlobalSection
EndGlobal
